
Microsoft Visual Studio Solution File, Format Version 12.00
# Visual Studio Version 16
VisualStudioVersion = 16.0.30114.105
MinimumVisualStudioVersion = 10.0.40219.1
Project("{FAE04EC0-301F-11D3-BF4B-00C04F79EFBC}") = "PrintOrders2", "PrintOrders2\PrintOrders2.csproj", "{2D51F429-325B-4B05-83F4-8A1F66241ADF}"
EndProject
Global
	GlobalSection(SolutionConfigurationPlatforms) = preSolution
		Debug|Any CPU = Debug|Any CPU
		Release|Any CPU = Release|Any CPU
	EndGlobalSection
	GlobalSection(ProjectConfigurationPlatforms) = postSolution
		{2D51F429-325B-4B05-83F4-8A1F66241ADF}.Debug|Any CPU.ActiveCfg = Debug|Any CPU
		{2D51F429-325B-4B05-83F4-8A1F66241ADF}.Debug|Any CPU.Build.0 = Debug|Any CPU
		{2D51F429-325B-4B05-83F4-8A1F66241ADF}.Release|Any CPU.ActiveCfg = Release|Any CPU
		{2D51F429-325B-4B05-83F4-8A1F66241ADF}.Release|Any CPU.Build.0 = Release|Any CPU
	EndGlobalSection
	GlobalSection(SolutionProperties) = preSolution
		HideSolutionNode = FALSE
	EndGlobalSection
	GlobalSection(ExtensibilityGlobals) = postSolution
		SolutionGuid = {436BF849-F8F2-4F2D-8487-D54608D607CC}
	EndGlobalSection
EndGlobal
